
Microsoft Visual Studio Solution File, Format Version 12.00
# Visual Studio Version 17
VisualStudioVersion = 17.11.35312.102
MinimumVisualStudioVersion = 10.0.40219.1
Project("{9A19103F-16F7-4668-BE54-9A1E7A4F7556}") = "Money", "Money\Money.csproj", "{8B9DE90E-D173-422C-A467-DE899D28652E}"
EndProject
Project("{9A19103F-16F7-4668-BE54-9A1E7A4F7556}") = "DataModel", "DataModel\DataModel.csproj", "{647839D0-6C2F-4215-AEAE-7DD3D6F8668B}"
EndProject
Project("{9A19103F-16F7-4668-BE54-9A1E7A4F7556}") = "DataAccess", "DataAccess\DataAccess.csproj", "{C079C459-EDF2-45D0-9CD1-6DAD48D6E070}"
EndProject
Project("{2150E333-8FDC-42A3-9474-1A3956D46DE8}") = "Solution Items", "Solution Items", "{4D013124-E23E-4455-AA4A-A2B9FEAAE012}"
	ProjectSection(SolutionItems) = preProject
		.editorconfig = .editorconfig
	EndProjectSection
EndProject
Global
	GlobalSection(SolutionConfigurationPlatforms) = preSolution
		Debug|Any CPU = Debug|Any CPU
		Release|Any CPU = Release|Any CPU
	EndGlobalSection
	GlobalSection(ProjectConfigurationPlatforms) = postSolution
		{8B9DE90E-D173-422C-A467-DE899D28652E}.Debug|Any CPU.ActiveCfg = Debug|Any CPU
		{8B9DE90E-D173-422C-A467-DE899D28652E}.Debug|Any CPU.Build.0 = Debug|Any CPU
		{8B9DE90E-D173-422C-A467-DE899D28652E}.Debug|Any CPU.Deploy.0 = Debug|Any CPU
		{8B9DE90E-D173-422C-A467-DE899D28652E}.Release|Any CPU.ActiveCfg = Release|Any CPU
		{8B9DE90E-D173-422C-A467-DE899D28652E}.Release|Any CPU.Build.0 = Release|Any CPU
		{8B9DE90E-D173-422C-A467-DE899D28652E}.Release|Any CPU.Deploy.0 = Release|Any CPU
		{647839D0-6C2F-4215-AEAE-7DD3D6F8668B}.Debug|Any CPU.ActiveCfg = Debug|Any CPU
		{647839D0-6C2F-4215-AEAE-7DD3D6F8668B}.Debug|Any CPU.Build.0 = Debug|Any CPU
		{647839D0-6C2F-4215-AEAE-7DD3D6F8668B}.Release|Any CPU.ActiveCfg = Release|Any CPU
		{647839D0-6C2F-4215-AEAE-7DD3D6F8668B}.Release|Any CPU.Build.0 = Release|Any CPU
		{C079C459-EDF2-45D0-9CD1-6DAD48D6E070}.Debug|Any CPU.ActiveCfg = Debug|Any CPU
		{C079C459-EDF2-45D0-9CD1-6DAD48D6E070}.Debug|Any CPU.Build.0 = Debug|Any CPU
		{C079C459-EDF2-45D0-9CD1-6DAD48D6E070}.Release|Any CPU.ActiveCfg = Release|Any CPU
		{C079C459-EDF2-45D0-9CD1-6DAD48D6E070}.Release|Any CPU.Build.0 = Release|Any CPU
	EndGlobalSection
	GlobalSection(SolutionProperties) = preSolution
		HideSolutionNode = FALSE
	EndGlobalSection
	GlobalSection(ExtensibilityGlobals) = postSolution
		SolutionGuid = {A3B9FADF-7A75-4237-91E6-923C1DCFE0B5}
	EndGlobalSection
EndGlobal
